
Microsoft Visual Studio Solution File, Format Version 12.00
# Visual Studio Version 17
VisualStudioVersion = 17.8.34309.116
MinimumVisualStudioVersion = 10.0.40219.1
Project("{FAE04EC0-301F-11D3-BF4B-00C04F79EFBC}") = "S2E1", "S2E1\S2E1.csproj", "{4E361F2B-8662-4F52-9C27-17888F752E46}"
EndProject
Global
	GlobalSection(SolutionConfigurationPlatforms) = preSolution
		Debug|Any CPU = Debug|Any CPU
		Release|Any CPU = Release|Any CPU
	EndGlobalSection
	GlobalSection(ProjectConfigurationPlatforms) = postSolution
		{4E361F2B-8662-4F52-9C27-17888F752E46}.Debug|Any CPU.ActiveCfg = Debug|Any CPU
		{4E361F2B-8662-4F52-9C27-17888F752E46}.Debug|Any CPU.Build.0 = Debug|Any CPU
		{4E361F2B-8662-4F52-9C27-17888F752E46}.Release|Any CPU.ActiveCfg = Release|Any CPU
		{4E361F2B-8662-4F52-9C27-17888F752E46}.Release|Any CPU.Build.0 = Release|Any CPU
	EndGlobalSection
	GlobalSection(SolutionProperties) = preSolution
		HideSolutionNode = FALSE
	EndGlobalSection
	GlobalSection(ExtensibilityGlobals) = postSolution
		SolutionGuid = {EE6503F9-6268-483E-8F29-90504290701D}
	EndGlobalSection
EndGlobal
